PODS:
  - podify-brotli (0.1.0):
    - podify-brotli/common (= 0.1.0)
    - podify-brotli/dec (= 0.1.0)
    - podify-brotli/enc (= 0.1.0)
  - podify-brotli/common (0.1.0)
  - podify-brotli/dec (0.1.0):
    - podify-brotli/common
  - podify-brotli/enc (0.1.0):
    - podify-brotli/common

DEPENDENCIES:
  - podify-brotli (from `../`)

EXTERNAL SOURCES:
  podify-brotli:
    :path: "../"

SPEC CHECKSUMS:
  podify-brotli: 261e8eda17a152e821400d22c9b65114a4e0e31f

PODFILE CHECKSUM: e2d74f0873fd50ead946a2385ec58aed21b62a45

COCOAPODS: 1.11.2
