PODS:
  - "podify-brotli (1.0.9+1)":
    - "podify-brotli/common (= 1.0.9+1)"
    - "podify-brotli/dec (= 1.0.9+1)"
    - "podify-brotli/enc (= 1.0.9+1)"
  - "podify-brotli/common (1.0.9+1)"
  - "podify-brotli/dec (1.0.9+1)":
    - podify-brotli/common
  - "podify-brotli/enc (1.0.9+1)":
    - podify-brotli/common

DEPENDENCIES:
  - podify-brotli (from `../`)

EXTERNAL SOURCES:
  podify-brotli:
    :path: "../"

SPEC CHECKSUMS:
  podify-brotli: 4481a119d1ed11c69da75856a0d92657dda8d893

PODFILE CHECKSUM: e2d74f0873fd50ead946a2385ec58aed21b62a45

COCOAPODS: 1.11.2
